
Microsoft Visual Studio Solution File, Format Version 12.00
# Visual Studio Version 17
VisualStudioVersion = 17.3.32811.315
MinimumVisualStudioVersion = 10.0.40219.1
Project("{9A19103F-16F7-4668-BE54-9A1E7A4F7556}") = "TombCompiler", "Compiler\TombCompiler.csproj", "{A669C9C4-AA5E-4BBD-9A8A-569B6B50A5D4}"
EndProject
Project("{9A19103F-16F7-4668-BE54-9A1E7A4F7556}") = "TOMBLib", "Library\src\TOMBLib.csproj", "{86AA09AA-ED89-4097-97A3-E3E3E0EF5A86}"
EndProject
Project("{9A19103F-16F7-4668-BE54-9A1E7A4F7556}") = "TOMBLib.Tests", "Library\tests\TOMBLib.Tests.csproj", "{EA79025B-F50F-4608-B2BC-77D776AE99EB}"
EndProject
Global
	GlobalSection(SolutionConfigurationPlatforms) = preSolution
		Debug|Any CPU = Debug|Any CPU
		Release|Any CPU = Release|Any CPU
	EndGlobalSection
	GlobalSection(ProjectConfigurationPlatforms) = postSolution
		{A669C9C4-AA5E-4BBD-9A8A-569B6B50A5D4}.Debug|Any CPU.ActiveCfg = Debug|Any CPU
		{A669C9C4-AA5E-4BBD-9A8A-569B6B50A5D4}.Debug|Any CPU.Build.0 = Debug|Any CPU
		{A669C9C4-AA5E-4BBD-9A8A-569B6B50A5D4}.Release|Any CPU.ActiveCfg = Release|Any CPU
		{A669C9C4-AA5E-4BBD-9A8A-569B6B50A5D4}.Release|Any CPU.Build.0 = Release|Any CPU
		{86AA09AA-ED89-4097-97A3-E3E3E0EF5A86}.Debug|Any CPU.ActiveCfg = Debug|Any CPU
		{86AA09AA-ED89-4097-97A3-E3E3E0EF5A86}.Debug|Any CPU.Build.0 = Debug|Any CPU
		{86AA09AA-ED89-4097-97A3-E3E3E0EF5A86}.Release|Any CPU.ActiveCfg = Release|Any CPU
		{86AA09AA-ED89-4097-97A3-E3E3E0EF5A86}.Release|Any CPU.Build.0 = Release|Any CPU
		{EA79025B-F50F-4608-B2BC-77D776AE99EB}.Debug|Any CPU.ActiveCfg = Debug|Any CPU
		{EA79025B-F50F-4608-B2BC-77D776AE99EB}.Debug|Any CPU.Build.0 = Debug|Any CPU
		{EA79025B-F50F-4608-B2BC-77D776AE99EB}.Release|Any CPU.ActiveCfg = Release|Any CPU
		{EA79025B-F50F-4608-B2BC-77D776AE99EB}.Release|Any CPU.Build.0 = Release|Any CPU
	EndGlobalSection
	GlobalSection(SolutionProperties) = preSolution
		HideSolutionNode = FALSE
	EndGlobalSection
	GlobalSection(ExtensibilityGlobals) = postSolution
		SolutionGuid = {BD1476E1-CAAE-4BFB-8E2F-FBA3F82EE3A8}
	EndGlobalSection
EndGlobal
