
Microsoft Visual Studio Solution File, Format Version 12.00
# Visual Studio Version 17
VisualStudioVersion = 17.3.32811.315
MinimumVisualStudioVersion = 10.0.40219.1
Project("{9A19103F-16F7-4668-BE54-9A1E7A4F7556}") = "TombCompiler", "Compiler\TombCompiler.csproj", "{A669C9C4-AA5E-4BBD-9A8A-569B6B50A5D4}"
EndProject
Project("{9A19103F-16F7-4668-BE54-9A1E7A4F7556}") = "Tests", "Tests\Tests.csproj", "{EF3836A5-FC50-4DCC-BA89-EBF129B87171}"
EndProject
Project("{FAE04EC0-301F-11D3-BF4B-00C04F79EFBC}") = "Phantasma.Business", "..\phantasma-ng\Phantasma.Business\src\Phantasma.Business.csproj", "{3CFC7C26-A25E-4AAD-8EEC-89E4EE64DEC8}"
EndProject
Project("{FAE04EC0-301F-11D3-BF4B-00C04F79EFBC}") = "Phantasma.Core", "..\phantasma-ng\Phantasma.Core\src\Phantasma.Core.csproj", "{F6931FF2-DD35-48E3-B8F8-C27F02245061}"
EndProject
Project("{FAE04EC0-301F-11D3-BF4B-00C04F79EFBC}") = "Phantasma.Infrastructure", "..\phantasma-ng\Phantasma.Infrastructure\src\Phantasma.Infrastructure.csproj", "{CD0CE644-5974-436D-89D6-79D8FB75F8AF}"
EndProject
Global
	GlobalSection(SolutionConfigurationPlatforms) = preSolution
		Debug|Any CPU = Debug|Any CPU
		Release|Any CPU = Release|Any CPU
	EndGlobalSection
	GlobalSection(ProjectConfigurationPlatforms) = postSolution
		{A669C9C4-AA5E-4BBD-9A8A-569B6B50A5D4}.Debug|Any CPU.ActiveCfg = Debug|Any CPU
		{A669C9C4-AA5E-4BBD-9A8A-569B6B50A5D4}.Debug|Any CPU.Build.0 = Debug|Any CPU
		{A669C9C4-AA5E-4BBD-9A8A-569B6B50A5D4}.Release|Any CPU.ActiveCfg = Release|Any CPU
		{A669C9C4-AA5E-4BBD-9A8A-569B6B50A5D4}.Release|Any CPU.Build.0 = Release|Any CPU
		{EF3836A5-FC50-4DCC-BA89-EBF129B87171}.Debug|Any CPU.ActiveCfg = Debug|Any CPU
		{EF3836A5-FC50-4DCC-BA89-EBF129B87171}.Debug|Any CPU.Build.0 = Debug|Any CPU
		{EF3836A5-FC50-4DCC-BA89-EBF129B87171}.Release|Any CPU.ActiveCfg = Release|Any CPU
		{EF3836A5-FC50-4DCC-BA89-EBF129B87171}.Release|Any CPU.Build.0 = Release|Any CPU
		{3CFC7C26-A25E-4AAD-8EEC-89E4EE64DEC8}.Debug|Any CPU.ActiveCfg = Debug|Any CPU
		{3CFC7C26-A25E-4AAD-8EEC-89E4EE64DEC8}.Debug|Any CPU.Build.0 = Debug|Any CPU
		{3CFC7C26-A25E-4AAD-8EEC-89E4EE64DEC8}.Release|Any CPU.ActiveCfg = Release|Any CPU
		{3CFC7C26-A25E-4AAD-8EEC-89E4EE64DEC8}.Release|Any CPU.Build.0 = Release|Any CPU
		{F6931FF2-DD35-48E3-B8F8-C27F02245061}.Debug|Any CPU.ActiveCfg = Debug|Any CPU
		{F6931FF2-DD35-48E3-B8F8-C27F02245061}.Debug|Any CPU.Build.0 = Debug|Any CPU
		{F6931FF2-DD35-48E3-B8F8-C27F02245061}.Release|Any CPU.ActiveCfg = Release|Any CPU
		{F6931FF2-DD35-48E3-B8F8-C27F02245061}.Release|Any CPU.Build.0 = Release|Any CPU
		{CD0CE644-5974-436D-89D6-79D8FB75F8AF}.Debug|Any CPU.ActiveCfg = Debug|Any CPU
		{CD0CE644-5974-436D-89D6-79D8FB75F8AF}.Debug|Any CPU.Build.0 = Debug|Any CPU
		{CD0CE644-5974-436D-89D6-79D8FB75F8AF}.Release|Any CPU.ActiveCfg = Release|Any CPU
		{CD0CE644-5974-436D-89D6-79D8FB75F8AF}.Release|Any CPU.Build.0 = Release|Any CPU
	EndGlobalSection
	GlobalSection(SolutionProperties) = preSolution
		HideSolutionNode = FALSE
	EndGlobalSection
	GlobalSection(ExtensibilityGlobals) = postSolution
		SolutionGuid = {BD1476E1-CAAE-4BFB-8E2F-FBA3F82EE3A8}
	EndGlobalSection
EndGlobal
